
Microsoft Visual Studio Solution File, Format Version 12.00
# Visual Studio 15
VisualStudioVersion = 15.0.28010.2016
MinimumVisualStudioVersion = 10.0.40219.1
Project("{8BC9CEB8-8B4A-11D0-8D11-00A0C91BC942}") = "PwdFlt", "PwdFlt\PwdFlt.vcxproj", "{FD65A865-C2F9-429C-BCB7-99B3F8F6F824}"
	ProjectSection(ProjectDependencies) = postProject
		{9DA05477-BEE2-4EBF-99A2-499DE90CF317} = {9DA05477-BEE2-4EBF-99A2-499DE90CF317}
	EndProjectSection
EndProject
Project("{FAE04EC0-301F-11D3-BF4B-00C04F79EFBC}") = "TestApp", "TestApp\TestApp.csproj", "{0395A674-E2AD-480B-951B-AA9B6AFC75E6}"
	ProjectSection(ProjectDependencies) = postProject
		{FD65A865-C2F9-429C-BCB7-99B3F8F6F824} = {FD65A865-C2F9-429C-BCB7-99B3F8F6F824}
	EndProjectSection
EndProject
Project("{FAE04EC0-301F-11D3-BF4B-00C04F79EFBC}") = "MpfProxy", "MpfProxy\MpfProxy.csproj", "{9DA05477-BEE2-4EBF-99A2-499DE90CF317}"
EndProject
Project("{FAE04EC0-301F-11D3-BF4B-00C04F79EFBC}") = "MpfWorker", "MpfWorker\MpfWorker.csproj", "{29071672-37FE-46B5-91EF-1F1962BBB904}"
EndProject
Project("{9A19103F-16F7-4668-BE54-9A1E7A4F7556}") = "zxcvbn-core", "zxcvbn-core\zxcvbn-core.csproj", "{55026CFB-5300-4128-82C1-0BA0E7A3FD56}"
EndProject
Project("{2150E333-8FDC-42A3-9474-1A3956D46DE8}") = "Build", "Build", "{4B86236E-6205-485A-B45B-DE9B5C2209FD}"
	ProjectSection(SolutionItems) = preProject
		Build\Invoke-RegAsm.ps1 = Build\Invoke-RegAsm.ps1
		Build\New-InstallRelease.ps1 = Build\New-InstallRelease.ps1
	EndProjectSection
EndProject
Project("{2150E333-8FDC-42A3-9474-1A3956D46DE8}") = "Solution Items", "Solution Items", "{14AEE698-7B81-424F-974D-51907872622A}"
	ProjectSection(SolutionItems) = preProject
		.gitignore = .gitignore
		appveyor.yml = appveyor.yml
		Solution Items\InstallPasswordFilter.ps1 = Solution Items\InstallPasswordFilter.ps1
		LICENSE = LICENSE
		README.md = README.md
	EndProjectSection
EndProject
Global
	GlobalSection(SolutionConfigurationPlatforms) = preSolution
		Debug|x64 = Debug|x64
		Release|x64 = Release|x64
	EndGlobalSection
	GlobalSection(ProjectConfigurationPlatforms) = postSolution
		{FD65A865-C2F9-429C-BCB7-99B3F8F6F824}.Debug|x64.ActiveCfg = Debug|x64
		{FD65A865-C2F9-429C-BCB7-99B3F8F6F824}.Debug|x64.Build.0 = Debug|x64
		{FD65A865-C2F9-429C-BCB7-99B3F8F6F824}.Release|x64.ActiveCfg = Release|x64
		{FD65A865-C2F9-429C-BCB7-99B3F8F6F824}.Release|x64.Build.0 = Release|x64
		{0395A674-E2AD-480B-951B-AA9B6AFC75E6}.Debug|x64.ActiveCfg = Debug|x64
		{0395A674-E2AD-480B-951B-AA9B6AFC75E6}.Debug|x64.Build.0 = Debug|x64
		{0395A674-E2AD-480B-951B-AA9B6AFC75E6}.Release|x64.ActiveCfg = Release|x64
		{0395A674-E2AD-480B-951B-AA9B6AFC75E6}.Release|x64.Build.0 = Release|x64
		{9DA05477-BEE2-4EBF-99A2-499DE90CF317}.Debug|x64.ActiveCfg = Debug|x64
		{9DA05477-BEE2-4EBF-99A2-499DE90CF317}.Debug|x64.Build.0 = Debug|x64
		{9DA05477-BEE2-4EBF-99A2-499DE90CF317}.Release|x64.ActiveCfg = Release|x64
		{9DA05477-BEE2-4EBF-99A2-499DE90CF317}.Release|x64.Build.0 = Release|x64
		{29071672-37FE-46B5-91EF-1F1962BBB904}.Debug|x64.ActiveCfg = Debug|x64
		{29071672-37FE-46B5-91EF-1F1962BBB904}.Debug|x64.Build.0 = Debug|x64
		{29071672-37FE-46B5-91EF-1F1962BBB904}.Release|x64.ActiveCfg = Release|x64
		{29071672-37FE-46B5-91EF-1F1962BBB904}.Release|x64.Build.0 = Release|x64
		{55026CFB-5300-4128-82C1-0BA0E7A3FD56}.Debug|x64.ActiveCfg = Debug|x64
		{55026CFB-5300-4128-82C1-0BA0E7A3FD56}.Debug|x64.Build.0 = Debug|x64
		{55026CFB-5300-4128-82C1-0BA0E7A3FD56}.Release|x64.ActiveCfg = Release|x64
		{55026CFB-5300-4128-82C1-0BA0E7A3FD56}.Release|x64.Build.0 = Release|x64
	EndGlobalSection
	GlobalSection(SolutionProperties) = preSolution
		HideSolutionNode = FALSE
	EndGlobalSection
	GlobalSection(ExtensibilityGlobals) = postSolution
		SolutionGuid = {54ED41CE-F749-40AC-BBFF-3727700345F4}
	EndGlobalSection
EndGlobal
